
Microsoft Visual Studio Solution File, Format Version 12.00
# Visual Studio Version 17
VisualStudioVersion = 17.5.33516.290
MinimumVisualStudioVersion = 10.0.40219.1
Project("{9A19103F-16F7-4668-BE54-9A1E7A4F7556}") = "Functions", "Functions\Functions.csproj", "{30495BD9-27CA-4BD0-A5F8-5CC545D58E43}"
EndProject
Project("{9A19103F-16F7-4668-BE54-9A1E7A4F7556}") = "Contains", "Contains\Contains.csproj", "{83704850-0134-4802-B3B0-662EADA73F61}"
EndProject
Project("{9A19103F-16F7-4668-BE54-9A1E7A4F7556}") = "IndexOf", "IndexOf\IndexOf.csproj", "{D50F4BB1-9BAF-4E74-A093-BEF704A4ADED}"
EndProject
Project("{9A19103F-16F7-4668-BE54-9A1E7A4F7556}") = "StartWith", "StartWith\StartWith.csproj", "{3DA73C0B-B789-4DD6-BD32-B2F77D52BC86}"
EndProject
Project("{9A19103F-16F7-4668-BE54-9A1E7A4F7556}") = "StringFunctions", "StringFunctions\StringFunctions.csproj", "{5CF1FECD-9C60-4C05-9887-A820628F77D1}"
EndProject
Project("{9A19103F-16F7-4668-BE54-9A1E7A4F7556}") = "EndsWithSolution", "EndsWithSolution\EndsWithSolution.csproj", "{B28F3313-0AC3-4DB2-90EE-6B4023BC6D10}"
EndProject
Project("{9A19103F-16F7-4668-BE54-9A1E7A4F7556}") = "SplitSolution", "SplitSolution\SplitSolution.csproj", "{2F0EAAC8-DFD8-4624-821C-254FD9B02850}"
EndProject
Project("{9A19103F-16F7-4668-BE54-9A1E7A4F7556}") = "TrimSolution", "TrimSolution\TrimSolution.csproj", "{CDB50AA0-D4B8-4690-BB0F-D1A6BDF7E84B}"
EndProject
Project("{9A19103F-16F7-4668-BE54-9A1E7A4F7556}") = "TrimSolution2", "TrimSolution2\TrimSolution2.csproj", "{B8D9118B-6C88-4B7C-A13C-06EFC6B2EB76}"
EndProject
Project("{9A19103F-16F7-4668-BE54-9A1E7A4F7556}") = "TrimSolution3", "TrimSolution3\TrimSolution3.csproj", "{EE5AFE35-FD86-4C36-9072-A777DEDBC15A}"
EndProject
Project("{9A19103F-16F7-4668-BE54-9A1E7A4F7556}") = "EndsWithSoultionBonus", "EndsWithSoultionBonus\EndsWithSoultionBonus.csproj", "{71DA8A77-C35E-4A01-B259-101FDBB7B211}"
EndProject
Project("{FAE04EC0-301F-11D3-BF4B-00C04F79EFBC}") = "SplitSolition2", "SplitSolition2\SplitSolition2.csproj", "{965151D4-8A47-4839-9714-44644F5A9346}"
EndProject
Global
	GlobalSection(SolutionConfigurationPlatforms) = preSolution
		Debug|Any CPU = Debug|Any CPU
		Release|Any CPU = Release|Any CPU
	EndGlobalSection
	GlobalSection(ProjectConfigurationPlatforms) = postSolution
		{30495BD9-27CA-4BD0-A5F8-5CC545D58E43}.Debug|Any CPU.ActiveCfg = Debug|Any CPU
		{30495BD9-27CA-4BD0-A5F8-5CC545D58E43}.Debug|Any CPU.Build.0 = Debug|Any CPU
		{30495BD9-27CA-4BD0-A5F8-5CC545D58E43}.Release|Any CPU.ActiveCfg = Release|Any CPU
		{30495BD9-27CA-4BD0-A5F8-5CC545D58E43}.Release|Any CPU.Build.0 = Release|Any CPU
		{83704850-0134-4802-B3B0-662EADA73F61}.Debug|Any CPU.ActiveCfg = Debug|Any CPU
		{83704850-0134-4802-B3B0-662EADA73F61}.Debug|Any CPU.Build.0 = Debug|Any CPU
		{83704850-0134-4802-B3B0-662EADA73F61}.Release|Any CPU.ActiveCfg = Release|Any CPU
		{83704850-0134-4802-B3B0-662EADA73F61}.Release|Any CPU.Build.0 = Release|Any CPU
		{D50F4BB1-9BAF-4E74-A093-BEF704A4ADED}.Debug|Any CPU.ActiveCfg = Debug|Any CPU
		{D50F4BB1-9BAF-4E74-A093-BEF704A4ADED}.Debug|Any CPU.Build.0 = Debug|Any CPU
		{D50F4BB1-9BAF-4E74-A093-BEF704A4ADED}.Release|Any CPU.ActiveCfg = Release|Any CPU
		{D50F4BB1-9BAF-4E74-A093-BEF704A4ADED}.Release|Any CPU.Build.0 = Release|Any CPU
		{3DA73C0B-B789-4DD6-BD32-B2F77D52BC86}.Debug|Any CPU.ActiveCfg = Debug|Any CPU
		{3DA73C0B-B789-4DD6-BD32-B2F77D52BC86}.Debug|Any CPU.Build.0 = Debug|Any CPU
		{3DA73C0B-B789-4DD6-BD32-B2F77D52BC86}.Release|Any CPU.ActiveCfg = Release|Any CPU
		{3DA73C0B-B789-4DD6-BD32-B2F77D52BC86}.Release|Any CPU.Build.0 = Release|Any CPU
		{5CF1FECD-9C60-4C05-9887-A820628F77D1}.Debug|Any CPU.ActiveCfg = Debug|Any CPU
		{5CF1FECD-9C60-4C05-9887-A820628F77D1}.Debug|Any CPU.Build.0 = Debug|Any CPU
		{5CF1FECD-9C60-4C05-9887-A820628F77D1}.Release|Any CPU.ActiveCfg = Release|Any CPU
		{5CF1FECD-9C60-4C05-9887-A820628F77D1}.Release|Any CPU.Build.0 = Release|Any CPU
		{B28F3313-0AC3-4DB2-90EE-6B4023BC6D10}.Debug|Any CPU.ActiveCfg = Debug|Any CPU
		{B28F3313-0AC3-4DB2-90EE-6B4023BC6D10}.Debug|Any CPU.Build.0 = Debug|Any CPU
		{B28F3313-0AC3-4DB2-90EE-6B4023BC6D10}.Release|Any CPU.ActiveCfg = Release|Any CPU
		{B28F3313-0AC3-4DB2-90EE-6B4023BC6D10}.Release|Any CPU.Build.0 = Release|Any CPU
		{2F0EAAC8-DFD8-4624-821C-254FD9B02850}.Debug|Any CPU.ActiveCfg = Debug|Any CPU
		{2F0EAAC8-DFD8-4624-821C-254FD9B02850}.Debug|Any CPU.Build.0 = Debug|Any CPU
		{2F0EAAC8-DFD8-4624-821C-254FD9B02850}.Release|Any CPU.ActiveCfg = Release|Any CPU
		{2F0EAAC8-DFD8-4624-821C-254FD9B02850}.Release|Any CPU.Build.0 = Release|Any CPU
		{CDB50AA0-D4B8-4690-BB0F-D1A6BDF7E84B}.Debug|Any CPU.ActiveCfg = Debug|Any CPU
		{CDB50AA0-D4B8-4690-BB0F-D1A6BDF7E84B}.Debug|Any CPU.Build.0 = Debug|Any CPU
		{CDB50AA0-D4B8-4690-BB0F-D1A6BDF7E84B}.Release|Any CPU.ActiveCfg = Release|Any CPU
		{CDB50AA0-D4B8-4690-BB0F-D1A6BDF7E84B}.Release|Any CPU.Build.0 = Release|Any CPU
		{B8D9118B-6C88-4B7C-A13C-06EFC6B2EB76}.Debug|Any CPU.ActiveCfg = Debug|Any CPU
		{B8D9118B-6C88-4B7C-A13C-06EFC6B2EB76}.Debug|Any CPU.Build.0 = Debug|Any CPU
		{B8D9118B-6C88-4B7C-A13C-06EFC6B2EB76}.Release|Any CPU.ActiveCfg = Release|Any CPU
		{B8D9118B-6C88-4B7C-A13C-06EFC6B2EB76}.Release|Any CPU.Build.0 = Release|Any CPU
		{EE5AFE35-FD86-4C36-9072-A777DEDBC15A}.Debug|Any CPU.ActiveCfg = Debug|Any CPU
		{EE5AFE35-FD86-4C36-9072-A777DEDBC15A}.Debug|Any CPU.Build.0 = Debug|Any CPU
		{EE5AFE35-FD86-4C36-9072-A777DEDBC15A}.Release|Any CPU.ActiveCfg = Release|Any CPU
		{EE5AFE35-FD86-4C36-9072-A777DEDBC15A}.Release|Any CPU.Build.0 = Release|Any CPU
		{71DA8A77-C35E-4A01-B259-101FDBB7B211}.Debug|Any CPU.ActiveCfg = Debug|Any CPU
		{71DA8A77-C35E-4A01-B259-101FDBB7B211}.Debug|Any CPU.Build.0 = Debug|Any CPU
		{71DA8A77-C35E-4A01-B259-101FDBB7B211}.Release|Any CPU.ActiveCfg = Release|Any CPU
		{71DA8A77-C35E-4A01-B259-101FDBB7B211}.Release|Any CPU.Build.0 = Release|Any CPU
		{965151D4-8A47-4839-9714-44644F5A9346}.Debug|Any CPU.ActiveCfg = Debug|Any CPU
		{965151D4-8A47-4839-9714-44644F5A9346}.Debug|Any CPU.Build.0 = Debug|Any CPU
		{965151D4-8A47-4839-9714-44644F5A9346}.Release|Any CPU.ActiveCfg = Release|Any CPU
		{965151D4-8A47-4839-9714-44644F5A9346}.Release|Any CPU.Build.0 = Release|Any CPU
	EndGlobalSection
	GlobalSection(SolutionProperties) = preSolution
		HideSolutionNode = FALSE
	EndGlobalSection
	GlobalSection(ExtensibilityGlobals) = postSolution
		SolutionGuid = {E37DEA64-0648-419C-9099-5DC815DC8923}
	EndGlobalSection
EndGlobal
