
Microsoft Visual Studio Solution File, Format Version 12.00
# Visual Studio Version 17
VisualStudioVersion = 17.5.33516.290
MinimumVisualStudioVersion = 10.0.40219.1
Project("{9A19103F-16F7-4668-BE54-9A1E7A4F7556}") = "ArraysBasic", "ArraysBasic\ArraysBasic.csproj", "{C104C8D3-7826-46BC-8188-673BCE328F9B}"
EndProject
Project("{9A19103F-16F7-4668-BE54-9A1E7A4F7556}") = "ArrayAndLoops", "ArrayAndLoops\ArrayAndLoops.csproj", "{483D3560-5CBE-4DEC-BFBE-98B154F76E5E}"
EndProject
Project("{9A19103F-16F7-4668-BE54-9A1E7A4F7556}") = "Question", "Question\Question.csproj", "{0A808291-165E-4357-94D5-A757BC3E166D}"
EndProject
Project("{9A19103F-16F7-4668-BE54-9A1E7A4F7556}") = "Question2", "Question2\Question2.csproj", "{128869A4-3CB9-4EC4-8C2B-BAE7100BD3B0}"
EndProject
Project("{9A19103F-16F7-4668-BE54-9A1E7A4F7556}") = "StringArrays", "StringArrays\StringArrays.csproj", "{F7DE55F6-2523-4939-86B1-0C4829B60B37}"
EndProject
Project("{9A19103F-16F7-4668-BE54-9A1E7A4F7556}") = "FlagSolution", "FlagSolution\FlagSolution.csproj", "{E0B1932B-800E-48DB-8DAC-244EDAA2B8FE}"
EndProject
Project("{9A19103F-16F7-4668-BE54-9A1E7A4F7556}") = "ConsoleMethods", "FlayTrySİL\ConsoleMethods.csproj", "{D5FECDBB-5235-4D2E-A3D3-9A1F74997529}"
EndProject
Global
	GlobalSection(SolutionConfigurationPlatforms) = preSolution
		Debug|Any CPU = Debug|Any CPU
		Release|Any CPU = Release|Any CPU
	EndGlobalSection
	GlobalSection(ProjectConfigurationPlatforms) = postSolution
		{C104C8D3-7826-46BC-8188-673BCE328F9B}.Debug|Any CPU.ActiveCfg = Debug|Any CPU
		{C104C8D3-7826-46BC-8188-673BCE328F9B}.Debug|Any CPU.Build.0 = Debug|Any CPU
		{C104C8D3-7826-46BC-8188-673BCE328F9B}.Release|Any CPU.ActiveCfg = Release|Any CPU
		{C104C8D3-7826-46BC-8188-673BCE328F9B}.Release|Any CPU.Build.0 = Release|Any CPU
		{483D3560-5CBE-4DEC-BFBE-98B154F76E5E}.Debug|Any CPU.ActiveCfg = Debug|Any CPU
		{483D3560-5CBE-4DEC-BFBE-98B154F76E5E}.Debug|Any CPU.Build.0 = Debug|Any CPU
		{483D3560-5CBE-4DEC-BFBE-98B154F76E5E}.Release|Any CPU.ActiveCfg = Release|Any CPU
		{483D3560-5CBE-4DEC-BFBE-98B154F76E5E}.Release|Any CPU.Build.0 = Release|Any CPU
		{0A808291-165E-4357-94D5-A757BC3E166D}.Debug|Any CPU.ActiveCfg = Debug|Any CPU
		{0A808291-165E-4357-94D5-A757BC3E166D}.Debug|Any CPU.Build.0 = Debug|Any CPU
		{0A808291-165E-4357-94D5-A757BC3E166D}.Release|Any CPU.ActiveCfg = Release|Any CPU
		{0A808291-165E-4357-94D5-A757BC3E166D}.Release|Any CPU.Build.0 = Release|Any CPU
		{128869A4-3CB9-4EC4-8C2B-BAE7100BD3B0}.Debug|Any CPU.ActiveCfg = Debug|Any CPU
		{128869A4-3CB9-4EC4-8C2B-BAE7100BD3B0}.Debug|Any CPU.Build.0 = Debug|Any CPU
		{128869A4-3CB9-4EC4-8C2B-BAE7100BD3B0}.Release|Any CPU.ActiveCfg = Release|Any CPU
		{128869A4-3CB9-4EC4-8C2B-BAE7100BD3B0}.Release|Any CPU.Build.0 = Release|Any CPU
		{F7DE55F6-2523-4939-86B1-0C4829B60B37}.Debug|Any CPU.ActiveCfg = Debug|Any CPU
		{F7DE55F6-2523-4939-86B1-0C4829B60B37}.Debug|Any CPU.Build.0 = Debug|Any CPU
		{F7DE55F6-2523-4939-86B1-0C4829B60B37}.Release|Any CPU.ActiveCfg = Release|Any CPU
		{F7DE55F6-2523-4939-86B1-0C4829B60B37}.Release|Any CPU.Build.0 = Release|Any CPU
		{E0B1932B-800E-48DB-8DAC-244EDAA2B8FE}.Debug|Any CPU.ActiveCfg = Debug|Any CPU
		{E0B1932B-800E-48DB-8DAC-244EDAA2B8FE}.Debug|Any CPU.Build.0 = Debug|Any CPU
		{E0B1932B-800E-48DB-8DAC-244EDAA2B8FE}.Release|Any CPU.ActiveCfg = Release|Any CPU
		{E0B1932B-800E-48DB-8DAC-244EDAA2B8FE}.Release|Any CPU.Build.0 = Release|Any CPU
		{D5FECDBB-5235-4D2E-A3D3-9A1F74997529}.Debug|Any CPU.ActiveCfg = Debug|Any CPU
		{D5FECDBB-5235-4D2E-A3D3-9A1F74997529}.Debug|Any CPU.Build.0 = Debug|Any CPU
		{D5FECDBB-5235-4D2E-A3D3-9A1F74997529}.Release|Any CPU.ActiveCfg = Release|Any CPU
		{D5FECDBB-5235-4D2E-A3D3-9A1F74997529}.Release|Any CPU.Build.0 = Release|Any CPU
	EndGlobalSection
	GlobalSection(SolutionProperties) = preSolution
		HideSolutionNode = FALSE
	EndGlobalSection
	GlobalSection(ExtensibilityGlobals) = postSolution
		SolutionGuid = {4E3BCFF3-0E7B-47A6-B22A-5D99F04D516D}
	EndGlobalSection
EndGlobal
