
Microsoft Visual Studio Solution File, Format Version 12.00
# Visual Studio Version 17
VisualStudioVersion = 17.5.33516.290
MinimumVisualStudioVersion = 10.0.40219.1
Project("{9A19103F-16F7-4668-BE54-9A1E7A4F7556}") = "Basic", "Basic\Basic.csproj", "{B65A188C-D156-4C5C-8C99-1515CF14CDF0}"
EndProject
Project("{9A19103F-16F7-4668-BE54-9A1E7A4F7556}") = "Examples", "Examples\Examples.csproj", "{189E619A-CDC4-4307-AFD2-6116B840A758}"
EndProject
Project("{9A19103F-16F7-4668-BE54-9A1E7A4F7556}") = "StringFunctionExamples", "StringFunctionExamples\StringFunctionExamples.csproj", "{FACAA890-0DEC-4C06-886C-5F76DC6AFDFC}"
EndProject
Project("{9A19103F-16F7-4668-BE54-9A1E7A4F7556}") = "ReverseArray", "ReverseArray\ReverseArray.csproj", "{9C0A8C21-91DD-4A78-B301-0E79F90C23F6}"
EndProject
Project("{9A19103F-16F7-4668-BE54-9A1E7A4F7556}") = "IndexOf", "IndexOf\IndexOf.csproj", "{A2D124F4-1AC6-4BE9-A562-33E10AFC037E}"
EndProject
Project("{9A19103F-16F7-4668-BE54-9A1E7A4F7556}") = "TernaryExample", "TernaryExample\TernaryExample.csproj", "{519353EF-47E2-406D-B446-BDA4010079C5}"
EndProject
Project("{9A19103F-16F7-4668-BE54-9A1E7A4F7556}") = "TernaryExample2", "TernaryExample2\TernaryExample2.csproj", "{9F36C5DA-CA03-4000-8D75-F19BFDC6DBA8}"
EndProject
Project("{9A19103F-16F7-4668-BE54-9A1E7A4F7556}") = "Substring", "Substring\Substring.csproj", "{95BA922F-C3DB-40BA-81C7-E875875666EB}"
EndProject
Project("{9A19103F-16F7-4668-BE54-9A1E7A4F7556}") = "Substring2", "Substring2\Substring2.csproj", "{DB12A135-A4B2-4719-9C0F-63EF2DA0BAA0}"
EndProject
Project("{9A19103F-16F7-4668-BE54-9A1E7A4F7556}") = "PrintDateTime", "PrintDateTime\PrintDateTime.csproj", "{08AF192A-8D46-482D-985F-4FE41F8BD741}"
EndProject
Project("{FAE04EC0-301F-11D3-BF4B-00C04F79EFBC}") = "PrintArrayExtra", "PrintArrayExtra\PrintArrayExtra.csproj", "{2B615B15-216B-4EF6-BE61-D7A9056104D2}"
EndProject
Project("{FAE04EC0-301F-11D3-BF4B-00C04F79EFBC}") = "AddItem", "AddItem\AddItem.csproj", "{8C75EE07-584B-4FBC-B01C-06869DDEB0DE}"
EndProject
Project("{FAE04EC0-301F-11D3-BF4B-00C04F79EFBC}") = "RemoveItem", "RemoveItem\RemoveItem.csproj", "{4B89F574-FBF8-4495-A8EF-2CA4484148B4}"
EndProject
Global
	GlobalSection(SolutionConfigurationPlatforms) = preSolution
		Debug|Any CPU = Debug|Any CPU
		Release|Any CPU = Release|Any CPU
	EndGlobalSection
	GlobalSection(ProjectConfigurationPlatforms) = postSolution
		{B65A188C-D156-4C5C-8C99-1515CF14CDF0}.Debug|Any CPU.ActiveCfg = Debug|Any CPU
		{B65A188C-D156-4C5C-8C99-1515CF14CDF0}.Debug|Any CPU.Build.0 = Debug|Any CPU
		{B65A188C-D156-4C5C-8C99-1515CF14CDF0}.Release|Any CPU.ActiveCfg = Release|Any CPU
		{B65A188C-D156-4C5C-8C99-1515CF14CDF0}.Release|Any CPU.Build.0 = Release|Any CPU
		{189E619A-CDC4-4307-AFD2-6116B840A758}.Debug|Any CPU.ActiveCfg = Debug|Any CPU
		{189E619A-CDC4-4307-AFD2-6116B840A758}.Debug|Any CPU.Build.0 = Debug|Any CPU
		{189E619A-CDC4-4307-AFD2-6116B840A758}.Release|Any CPU.ActiveCfg = Release|Any CPU
		{189E619A-CDC4-4307-AFD2-6116B840A758}.Release|Any CPU.Build.0 = Release|Any CPU
		{FACAA890-0DEC-4C06-886C-5F76DC6AFDFC}.Debug|Any CPU.ActiveCfg = Debug|Any CPU
		{FACAA890-0DEC-4C06-886C-5F76DC6AFDFC}.Debug|Any CPU.Build.0 = Debug|Any CPU
		{FACAA890-0DEC-4C06-886C-5F76DC6AFDFC}.Release|Any CPU.ActiveCfg = Release|Any CPU
		{FACAA890-0DEC-4C06-886C-5F76DC6AFDFC}.Release|Any CPU.Build.0 = Release|Any CPU
		{9C0A8C21-91DD-4A78-B301-0E79F90C23F6}.Debug|Any CPU.ActiveCfg = Debug|Any CPU
		{9C0A8C21-91DD-4A78-B301-0E79F90C23F6}.Debug|Any CPU.Build.0 = Debug|Any CPU
		{9C0A8C21-91DD-4A78-B301-0E79F90C23F6}.Release|Any CPU.ActiveCfg = Release|Any CPU
		{9C0A8C21-91DD-4A78-B301-0E79F90C23F6}.Release|Any CPU.Build.0 = Release|Any CPU
		{A2D124F4-1AC6-4BE9-A562-33E10AFC037E}.Debug|Any CPU.ActiveCfg = Debug|Any CPU
		{A2D124F4-1AC6-4BE9-A562-33E10AFC037E}.Debug|Any CPU.Build.0 = Debug|Any CPU
		{A2D124F4-1AC6-4BE9-A562-33E10AFC037E}.Release|Any CPU.ActiveCfg = Release|Any CPU
		{A2D124F4-1AC6-4BE9-A562-33E10AFC037E}.Release|Any CPU.Build.0 = Release|Any CPU
		{519353EF-47E2-406D-B446-BDA4010079C5}.Debug|Any CPU.ActiveCfg = Debug|Any CPU
		{519353EF-47E2-406D-B446-BDA4010079C5}.Debug|Any CPU.Build.0 = Debug|Any CPU
		{519353EF-47E2-406D-B446-BDA4010079C5}.Release|Any CPU.ActiveCfg = Release|Any CPU
		{519353EF-47E2-406D-B446-BDA4010079C5}.Release|Any CPU.Build.0 = Release|Any CPU
		{9F36C5DA-CA03-4000-8D75-F19BFDC6DBA8}.Debug|Any CPU.ActiveCfg = Debug|Any CPU
		{9F36C5DA-CA03-4000-8D75-F19BFDC6DBA8}.Debug|Any CPU.Build.0 = Debug|Any CPU
		{9F36C5DA-CA03-4000-8D75-F19BFDC6DBA8}.Release|Any CPU.ActiveCfg = Release|Any CPU
		{9F36C5DA-CA03-4000-8D75-F19BFDC6DBA8}.Release|Any CPU.Build.0 = Release|Any CPU
		{95BA922F-C3DB-40BA-81C7-E875875666EB}.Debug|Any CPU.ActiveCfg = Debug|Any CPU
		{95BA922F-C3DB-40BA-81C7-E875875666EB}.Debug|Any CPU.Build.0 = Debug|Any CPU
		{95BA922F-C3DB-40BA-81C7-E875875666EB}.Release|Any CPU.ActiveCfg = Release|Any CPU
		{95BA922F-C3DB-40BA-81C7-E875875666EB}.Release|Any CPU.Build.0 = Release|Any CPU
		{DB12A135-A4B2-4719-9C0F-63EF2DA0BAA0}.Debug|Any CPU.ActiveCfg = Debug|Any CPU
		{DB12A135-A4B2-4719-9C0F-63EF2DA0BAA0}.Debug|Any CPU.Build.0 = Debug|Any CPU
		{DB12A135-A4B2-4719-9C0F-63EF2DA0BAA0}.Release|Any CPU.ActiveCfg = Release|Any CPU
		{DB12A135-A4B2-4719-9C0F-63EF2DA0BAA0}.Release|Any CPU.Build.0 = Release|Any CPU
		{08AF192A-8D46-482D-985F-4FE41F8BD741}.Debug|Any CPU.ActiveCfg = Debug|Any CPU
		{08AF192A-8D46-482D-985F-4FE41F8BD741}.Debug|Any CPU.Build.0 = Debug|Any CPU
		{08AF192A-8D46-482D-985F-4FE41F8BD741}.Release|Any CPU.ActiveCfg = Release|Any CPU
		{08AF192A-8D46-482D-985F-4FE41F8BD741}.Release|Any CPU.Build.0 = Release|Any CPU
		{2B615B15-216B-4EF6-BE61-D7A9056104D2}.Debug|Any CPU.ActiveCfg = Debug|Any CPU
		{2B615B15-216B-4EF6-BE61-D7A9056104D2}.Debug|Any CPU.Build.0 = Debug|Any CPU
		{2B615B15-216B-4EF6-BE61-D7A9056104D2}.Release|Any CPU.ActiveCfg = Release|Any CPU
		{2B615B15-216B-4EF6-BE61-D7A9056104D2}.Release|Any CPU.Build.0 = Release|Any CPU
		{8C75EE07-584B-4FBC-B01C-06869DDEB0DE}.Debug|Any CPU.ActiveCfg = Debug|Any CPU
		{8C75EE07-584B-4FBC-B01C-06869DDEB0DE}.Debug|Any CPU.Build.0 = Debug|Any CPU
		{8C75EE07-584B-4FBC-B01C-06869DDEB0DE}.Release|Any CPU.ActiveCfg = Release|Any CPU
		{8C75EE07-584B-4FBC-B01C-06869DDEB0DE}.Release|Any CPU.Build.0 = Release|Any CPU
		{4B89F574-FBF8-4495-A8EF-2CA4484148B4}.Debug|Any CPU.ActiveCfg = Debug|Any CPU
		{4B89F574-FBF8-4495-A8EF-2CA4484148B4}.Debug|Any CPU.Build.0 = Debug|Any CPU
		{4B89F574-FBF8-4495-A8EF-2CA4484148B4}.Release|Any CPU.ActiveCfg = Release|Any CPU
		{4B89F574-FBF8-4495-A8EF-2CA4484148B4}.Release|Any CPU.Build.0 = Release|Any CPU
	EndGlobalSection
	GlobalSection(SolutionProperties) = preSolution
		HideSolutionNode = FALSE
	EndGlobalSection
	GlobalSection(ExtensibilityGlobals) = postSolution
		SolutionGuid = {28ADD01E-1762-4D1F-A145-77CB20546FA7}
	EndGlobalSection
EndGlobal
