
Microsoft Visual Studio Solution File, Format Version 12.00
# Visual Studio Version 17
VisualStudioVersion = 17.5.33516.290
MinimumVisualStudioVersion = 10.0.40219.1
Project("{9A19103F-16F7-4668-BE54-9A1E7A4F7556}") = "OOPBasic", "OOPBasic\OOPBasic.csproj", "{FE1FB9CF-671C-4C21-8CE6-585326C9C767}"
EndProject
Project("{9A19103F-16F7-4668-BE54-9A1E7A4F7556}") = "Example01", "Example01\Example01.csproj", "{956EB84C-03FF-45F1-896C-6CFC49044870}"
EndProject
Project("{9A19103F-16F7-4668-BE54-9A1E7A4F7556}") = "Inheritance", "Inheritance\Inheritance.csproj", "{2D077469-B9E2-4AC6-9253-3C6FAD6F46E0}"
EndProject
Project("{9A19103F-16F7-4668-BE54-9A1E7A4F7556}") = "Example02", "Example02\Example02.csproj", "{E4A52921-4EE1-46A3-8302-4C556F26FE87}"
EndProject
Project("{9A19103F-16F7-4668-BE54-9A1E7A4F7556}") = "Contructors", "Contructors\Contructors.csproj", "{389310EA-90FE-4BF0-9175-AFFBD60A0579}"
EndProject
Project("{9A19103F-16F7-4668-BE54-9A1E7A4F7556}") = "OOPExample01", "OOPExample01\OOPExample01.csproj", "{9EFF0EAE-BB45-4E48-B6FC-45E7925EA971}"
EndProject
Project("{9A19103F-16F7-4668-BE54-9A1E7A4F7556}") = "Collections(console)", "Collections(console)\Collections(console).csproj", "{314ADEED-477C-4494-8FE6-1CB3D7A9BED9}"
EndProject
Project("{9A19103F-16F7-4668-BE54-9A1E7A4F7556}") = "Abstraction", "Abstraction\Abstraction.csproj", "{99EDE1F7-A16E-4444-8B36-38D064C5FF89}"
EndProject
Project("{9A19103F-16F7-4668-BE54-9A1E7A4F7556}") = "InheritanceAdvanced", "InheritanceAdvanced\InheritanceAdvanced.csproj", "{40DCA862-1ED0-4E7B-B59E-592AFF447736}"
EndProject
Project("{9A19103F-16F7-4668-BE54-9A1E7A4F7556}") = "ClassExample", "ClassExample\ClassExample.csproj", "{1A3413FC-AE95-4934-A179-799283EC25F5}"
EndProject
Project("{FAE04EC0-301F-11D3-BF4B-00C04F79EFBC}") = "MarathonPart3-OOP", "MarathonPart3-OOP\MarathonPart3-OOP.csproj", "{2212EB98-3AA3-4D36-93C6-D9B5FE22422A}"
EndProject
Project("{FAE04EC0-301F-11D3-BF4B-00C04F79EFBC}") = "ClassExample2", "ClassExample2\ClassExample2.csproj", "{FE86A293-E95B-4B3A-9F4B-2E6292FE507A}"
EndProject
Global
	GlobalSection(SolutionConfigurationPlatforms) = preSolution
		Debug|Any CPU = Debug|Any CPU
		Release|Any CPU = Release|Any CPU
	EndGlobalSection
	GlobalSection(ProjectConfigurationPlatforms) = postSolution
		{FE1FB9CF-671C-4C21-8CE6-585326C9C767}.Debug|Any CPU.ActiveCfg = Debug|Any CPU
		{FE1FB9CF-671C-4C21-8CE6-585326C9C767}.Debug|Any CPU.Build.0 = Debug|Any CPU
		{FE1FB9CF-671C-4C21-8CE6-585326C9C767}.Release|Any CPU.ActiveCfg = Release|Any CPU
		{FE1FB9CF-671C-4C21-8CE6-585326C9C767}.Release|Any CPU.Build.0 = Release|Any CPU
		{956EB84C-03FF-45F1-896C-6CFC49044870}.Debug|Any CPU.ActiveCfg = Debug|Any CPU
		{956EB84C-03FF-45F1-896C-6CFC49044870}.Debug|Any CPU.Build.0 = Debug|Any CPU
		{956EB84C-03FF-45F1-896C-6CFC49044870}.Release|Any CPU.ActiveCfg = Release|Any CPU
		{956EB84C-03FF-45F1-896C-6CFC49044870}.Release|Any CPU.Build.0 = Release|Any CPU
		{2D077469-B9E2-4AC6-9253-3C6FAD6F46E0}.Debug|Any CPU.ActiveCfg = Debug|Any CPU
		{2D077469-B9E2-4AC6-9253-3C6FAD6F46E0}.Debug|Any CPU.Build.0 = Debug|Any CPU
		{2D077469-B9E2-4AC6-9253-3C6FAD6F46E0}.Release|Any CPU.ActiveCfg = Release|Any CPU
		{2D077469-B9E2-4AC6-9253-3C6FAD6F46E0}.Release|Any CPU.Build.0 = Release|Any CPU
		{E4A52921-4EE1-46A3-8302-4C556F26FE87}.Debug|Any CPU.ActiveCfg = Debug|Any CPU
		{E4A52921-4EE1-46A3-8302-4C556F26FE87}.Debug|Any CPU.Build.0 = Debug|Any CPU
		{E4A52921-4EE1-46A3-8302-4C556F26FE87}.Release|Any CPU.ActiveCfg = Release|Any CPU
		{E4A52921-4EE1-46A3-8302-4C556F26FE87}.Release|Any CPU.Build.0 = Release|Any CPU
		{389310EA-90FE-4BF0-9175-AFFBD60A0579}.Debug|Any CPU.ActiveCfg = Debug|Any CPU
		{389310EA-90FE-4BF0-9175-AFFBD60A0579}.Debug|Any CPU.Build.0 = Debug|Any CPU
		{389310EA-90FE-4BF0-9175-AFFBD60A0579}.Release|Any CPU.ActiveCfg = Release|Any CPU
		{389310EA-90FE-4BF0-9175-AFFBD60A0579}.Release|Any CPU.Build.0 = Release|Any CPU
		{9EFF0EAE-BB45-4E48-B6FC-45E7925EA971}.Debug|Any CPU.ActiveCfg = Debug|Any CPU
		{9EFF0EAE-BB45-4E48-B6FC-45E7925EA971}.Debug|Any CPU.Build.0 = Debug|Any CPU
		{9EFF0EAE-BB45-4E48-B6FC-45E7925EA971}.Release|Any CPU.ActiveCfg = Release|Any CPU
		{9EFF0EAE-BB45-4E48-B6FC-45E7925EA971}.Release|Any CPU.Build.0 = Release|Any CPU
		{314ADEED-477C-4494-8FE6-1CB3D7A9BED9}.Debug|Any CPU.ActiveCfg = Debug|Any CPU
		{314ADEED-477C-4494-8FE6-1CB3D7A9BED9}.Debug|Any CPU.Build.0 = Debug|Any CPU
		{314ADEED-477C-4494-8FE6-1CB3D7A9BED9}.Release|Any CPU.ActiveCfg = Release|Any CPU
		{314ADEED-477C-4494-8FE6-1CB3D7A9BED9}.Release|Any CPU.Build.0 = Release|Any CPU
		{99EDE1F7-A16E-4444-8B36-38D064C5FF89}.Debug|Any CPU.ActiveCfg = Debug|Any CPU
		{99EDE1F7-A16E-4444-8B36-38D064C5FF89}.Debug|Any CPU.Build.0 = Debug|Any CPU
		{99EDE1F7-A16E-4444-8B36-38D064C5FF89}.Release|Any CPU.ActiveCfg = Release|Any CPU
		{99EDE1F7-A16E-4444-8B36-38D064C5FF89}.Release|Any CPU.Build.0 = Release|Any CPU
		{40DCA862-1ED0-4E7B-B59E-592AFF447736}.Debug|Any CPU.ActiveCfg = Debug|Any CPU
		{40DCA862-1ED0-4E7B-B59E-592AFF447736}.Debug|Any CPU.Build.0 = Debug|Any CPU
		{40DCA862-1ED0-4E7B-B59E-592AFF447736}.Release|Any CPU.ActiveCfg = Release|Any CPU
		{40DCA862-1ED0-4E7B-B59E-592AFF447736}.Release|Any CPU.Build.0 = Release|Any CPU
		{1A3413FC-AE95-4934-A179-799283EC25F5}.Debug|Any CPU.ActiveCfg = Debug|Any CPU
		{1A3413FC-AE95-4934-A179-799283EC25F5}.Debug|Any CPU.Build.0 = Debug|Any CPU
		{1A3413FC-AE95-4934-A179-799283EC25F5}.Release|Any CPU.ActiveCfg = Release|Any CPU
		{1A3413FC-AE95-4934-A179-799283EC25F5}.Release|Any CPU.Build.0 = Release|Any CPU
		{2212EB98-3AA3-4D36-93C6-D9B5FE22422A}.Debug|Any CPU.ActiveCfg = Debug|Any CPU
		{2212EB98-3AA3-4D36-93C6-D9B5FE22422A}.Debug|Any CPU.Build.0 = Debug|Any CPU
		{2212EB98-3AA3-4D36-93C6-D9B5FE22422A}.Release|Any CPU.ActiveCfg = Release|Any CPU
		{2212EB98-3AA3-4D36-93C6-D9B5FE22422A}.Release|Any CPU.Build.0 = Release|Any CPU
		{FE86A293-E95B-4B3A-9F4B-2E6292FE507A}.Debug|Any CPU.ActiveCfg = Debug|Any CPU
		{FE86A293-E95B-4B3A-9F4B-2E6292FE507A}.Debug|Any CPU.Build.0 = Debug|Any CPU
		{FE86A293-E95B-4B3A-9F4B-2E6292FE507A}.Release|Any CPU.ActiveCfg = Release|Any CPU
		{FE86A293-E95B-4B3A-9F4B-2E6292FE507A}.Release|Any CPU.Build.0 = Release|Any CPU
	EndGlobalSection
	GlobalSection(SolutionProperties) = preSolution
		HideSolutionNode = FALSE
	EndGlobalSection
	GlobalSection(ExtensibilityGlobals) = postSolution
		SolutionGuid = {1E16920F-3A0E-4E26-91CD-7E43FC9ACB62}
	EndGlobalSection
EndGlobal
