
Microsoft Visual Studio Solution File, Format Version 12.00
# Visual Studio Version 17
VisualStudioVersion = 17.5.33516.290
MinimumVisualStudioVersion = 10.0.40219.1
Project("{9A19103F-16F7-4668-BE54-9A1E7A4F7556}") = "CurrencyExchangeProject", "CurrencyExchangeProject\CurrencyExchangeProject.csproj", "{2DE0226A-DACA-4B0F-8916-9D7E09743CFF}"
EndProject
Project("{9A19103F-16F7-4668-BE54-9A1E7A4F7556}") = "MySolution", "MySolution\MySolution.csproj", "{2E097AAB-7442-484C-BDBC-AA1C33D9BB7D}"
EndProject
Project("{FAE04EC0-301F-11D3-BF4B-00C04F79EFBC}") = "Solution2", "Solution2\Solution2.csproj", "{61527258-4B8B-40FA-A29F-30DF23902701}"
EndProject
Global
	GlobalSection(SolutionConfigurationPlatforms) = preSolution
		Debug|Any CPU = Debug|Any CPU
		Release|Any CPU = Release|Any CPU
	EndGlobalSection
	GlobalSection(ProjectConfigurationPlatforms) = postSolution
		{2DE0226A-DACA-4B0F-8916-9D7E09743CFF}.Debug|Any CPU.ActiveCfg = Debug|Any CPU
		{2DE0226A-DACA-4B0F-8916-9D7E09743CFF}.Debug|Any CPU.Build.0 = Debug|Any CPU
		{2DE0226A-DACA-4B0F-8916-9D7E09743CFF}.Release|Any CPU.ActiveCfg = Release|Any CPU
		{2DE0226A-DACA-4B0F-8916-9D7E09743CFF}.Release|Any CPU.Build.0 = Release|Any CPU
		{2E097AAB-7442-484C-BDBC-AA1C33D9BB7D}.Debug|Any CPU.ActiveCfg = Debug|Any CPU
		{2E097AAB-7442-484C-BDBC-AA1C33D9BB7D}.Debug|Any CPU.Build.0 = Debug|Any CPU
		{2E097AAB-7442-484C-BDBC-AA1C33D9BB7D}.Release|Any CPU.ActiveCfg = Release|Any CPU
		{2E097AAB-7442-484C-BDBC-AA1C33D9BB7D}.Release|Any CPU.Build.0 = Release|Any CPU
		{61527258-4B8B-40FA-A29F-30DF23902701}.Debug|Any CPU.ActiveCfg = Debug|Any CPU
		{61527258-4B8B-40FA-A29F-30DF23902701}.Debug|Any CPU.Build.0 = Debug|Any CPU
		{61527258-4B8B-40FA-A29F-30DF23902701}.Release|Any CPU.ActiveCfg = Release|Any CPU
		{61527258-4B8B-40FA-A29F-30DF23902701}.Release|Any CPU.Build.0 = Release|Any CPU
	EndGlobalSection
	GlobalSection(SolutionProperties) = preSolution
		HideSolutionNode = FALSE
	EndGlobalSection
	GlobalSection(ExtensibilityGlobals) = postSolution
		SolutionGuid = {F316AD7F-F52E-4382-BD30-8669EB96A3D1}
	EndGlobalSection
EndGlobal
